{
    "_readme": [
        "This file locks the dependencies of your project to a known state",
        "Read more about it at https://getcomposer.org/doc/01-basic-usage.md#composer-lock-the-lock-file",
        "This file is @generated automatically"
    ],
    "hash": "25b806c1b79a82d3d9dc37d4eb76e4a9",
    "content-hash": "a9b6d7f336a5134e6aea76f3b88e7801",
    "packages": [
        {
            "name": "sensiolabs/melody",
            "version": "dev-master",
            "source": {
                "type": "git",
                "url": "https://github.com/sensiolabs/melody.git",
                "reference": "11e0e32787d5970add5d44068a3cf5127601c7fe"
            },
            "dist": {
                "type": "zip",
                "url": "https://api.github.com/repos/sensiolabs/melody/zipball/11e0e32787d5970add5d44068a3cf5127601c7fe",
                "reference": "11e0e32787d5970add5d44068a3cf5127601c7fe",
                "shasum": ""
            },
            "require": {
                "php": ">=5.5",
                "symfony/console": "^3.1",
                "symfony/filesystem": "^2.5|^3.0",
                "symfony/finder": "^2.5|^3.0",
                "symfony/process": "^2.5|^3.0",
                "symfony/yaml": "^2.5|^3.0"
            },
            "require-dev": {
                "mikey179/vfsstream": " ~1.4",
                "phpunit/phpunit": "4.3.*"
            },
            "bin": [
                "bin/melody"
            ],
            "type": "library",
            "autoload": {
                "psr-4": {
                    "SensioLabs\\Melody\\": "src/SensioLabs/Melody/"
                }
            },
            "notification-url": "https://packagist.org/downloads/",
            "license": [
                "MIT"
            ],
            "description": "One file composer scripts",
            "time": "2016-08-19 13:05:01"
        },
        {
            "name": "symfony/console",
            "version": "v3.1.4",
            "source": {
                "type": "git",
                "url": "https://github.com/symfony/console.git",
                "reference": "8ea494c34f0f772c3954b5fbe00bffc5a435e563"
            },
            "dist": {
                "type": "zip",
                "url": "https://api.github.com/repos/symfony/console/zipball/8ea494c34f0f772c3954b5fbe00bffc5a435e563",
                "reference": "8ea494c34f0f772c3954b5fbe00bffc5a435e563",
                "shasum": ""
            },
            "require": {
                "php": ">=5.5.9",
                "symfony/polyfill-mbstring": "~1.0"
            },
            "require-dev": {
                "psr/log": "~1.0",
                "symfony/event-dispatcher": "~2.8|~3.0",
                "symfony/process": "~2.8|~3.0"
            },
            "suggest": {
                "psr/log": "For using the console logger",
                "symfony/event-dispatcher": "",
                "symfony/process": ""
            },
            "type": "library",
            "extra": {
                "branch-alias": {
                    "dev-master": "3.1-dev"
                }
            },
            "autoload": {
                "psr-4": {
                    "Symfony\\Component\\Console\\": ""
                },
                "exclude-from-classmap": [
                    "/Tests/"
                ]
            },
            "notification-url": "https://packagist.org/downloads/",
            "license": [
                "MIT"
            ],
            "authors": [
                {
                    "name": "Fabien Potencier",
                    "email": "fabien@symfony.com"
                },
                {
                    "name": "Symfony Community",
                    "homepage": "https://symfony.com/contributors"
                }
            ],
            "description": "Symfony Console Component",
            "homepage": "https://symfony.com",
            "time": "2016-08-19 06:48:39"
        },
        {
            "name": "symfony/filesystem",
            "version": "v3.1.4",
            "source": {
                "type": "git",
                "url": "https://github.com/symfony/filesystem.git",
                "reference": "bb29adceb552d202b6416ede373529338136e84f"
            },
            "dist": {
                "type": "zip",
                "url": "https://api.github.com/repos/symfony/filesystem/zipball/bb29adceb552d202b6416ede373529338136e84f",
                "reference": "bb29adceb552d202b6416ede373529338136e84f",
                "shasum": ""
            },
            "require": {
                "php": ">=5.5.9"
            },
            "type": "library",
            "extra": {
                "branch-alias": {
                    "dev-master": "3.1-dev"
                }
            },
            "autoload": {
                "psr-4": {
                    "Symfony\\Component\\Filesystem\\": ""
                },
                "exclude-from-classmap": [
                    "/Tests/"
                ]
            },
            "notification-url": "https://packagist.org/downloads/",
            "license": [
                "MIT"
            ],
            "authors": [
                {
                    "name": "Fabien Potencier",
                    "email": "fabien@symfony.com"
                },
                {
                    "name": "Symfony Community",
                    "homepage": "https://symfony.com/contributors"
                }
            ],
            "description": "Symfony Filesystem Component",
            "homepage": "https://symfony.com",
            "time": "2016-07-20 05:44:26"
        },
        {
            "name": "symfony/finder",
            "version": "v3.1.4",
            "source": {
                "type": "git",
                "url": "https://github.com/symfony/finder.git",
                "reference": "e568ef1784f447a0e54dcb6f6de30b9747b0f577"
            },
            "dist": {
                "type": "zip",
                "url": "https://api.github.com/repos/symfony/finder/zipball/e568ef1784f447a0e54dcb6f6de30b9747b0f577",
                "reference": "e568ef1784f447a0e54dcb6f6de30b9747b0f577",
                "shasum": ""
            },
            "require": {
                "php": ">=5.5.9"
            },
            "type": "library",
            "extra": {
                "branch-alias": {
                    "dev-master": "3.1-dev"
                }
            },
            "autoload": {
                "psr-4": {
                    "Symfony\\Component\\Finder\\": ""
                },
                "exclude-from-classmap": [
                    "/Tests/"
                ]
            },
            "notification-url": "https://packagist.org/downloads/",
            "license": [
                "MIT"
            ],
            "authors": [
                {
                    "name": "Fabien Potencier",
                    "email": "fabien@symfony.com"
                },
                {
                    "name": "Symfony Community",
                    "homepage": "https://symfony.com/contributors"
                }
            ],
            "description": "Symfony Finder Component",
            "homepage": "https://symfony.com",
            "time": "2016-08-26 12:04:02"
        },
        {
            "name": "symfony/polyfill-mbstring",
            "version": "v1.2.0",
            "source": {
                "type": "git",
                "url": "https://github.com/symfony/polyfill-mbstring.git",
                "reference": "dff51f72b0706335131b00a7f49606168c582594"
            },
            "dist": {
                "type": "zip",
                "url": "https://api.github.com/repos/symfony/polyfill-mbstring/zipball/dff51f72b0706335131b00a7f49606168c582594",
                "reference": "dff51f72b0706335131b00a7f49606168c582594",
                "shasum": ""
            },
            "require": {
                "php": ">=5.3.3"
            },
            "suggest": {
                "ext-mbstring": "For best performance"
            },
            "type": "library",
            "extra": {
                "branch-alias": {
                    "dev-master": "1.2-dev"
                }
            },
            "autoload": {
                "psr-4": {
                    "Symfony\\Polyfill\\Mbstring\\": ""
                },
                "files": [
                    "bootstrap.php"
                ]
            },
            "notification-url": "https://packagist.org/downloads/",
            "license": [
                "MIT"
            ],
            "authors": [
                {
                    "name": "Nicolas Grekas",
                    "email": "p@tchwork.com"
                },
                {
                    "name": "Symfony Community",
                    "homepage": "https://symfony.com/contributors"
                }
            ],
            "description": "Symfony polyfill for the Mbstring extension",
            "homepage": "https://symfony.com",
            "keywords": [
                "compatibility",
                "mbstring",
                "polyfill",
                "portable",
                "shim"
            ],
            "time": "2016-05-18 14:26:46"
        },
        {
            "name": "symfony/process",
            "version": "v3.1.4",
            "source": {
                "type": "git",
                "url": "https://github.com/symfony/process.git",
                "reference": "e64e93041c80e77197ace5ab9385dedb5a143697"
            },
            "dist": {
                "type": "zip",
                "url": "https://api.github.com/repos/symfony/process/zipball/e64e93041c80e77197ace5ab9385dedb5a143697",
                "reference": "e64e93041c80e77197ace5ab9385dedb5a143697",
                "shasum": ""
            },
            "require": {
                "php": ">=5.5.9"
            },
            "type": "library",
            "extra": {
                "branch-alias": {
                    "dev-master": "3.1-dev"
                }
            },
            "autoload": {
                "psr-4": {
                    "Symfony\\Component\\Process\\": ""
                },
                "exclude-from-classmap": [
                    "/Tests/"
                ]
            },
            "notification-url": "https://packagist.org/downloads/",
            "license": [
                "MIT"
            ],
            "authors": [
                {
                    "name": "Fabien Potencier",
                    "email": "fabien@symfony.com"
                },
                {
                    "name": "Symfony Community",
                    "homepage": "https://symfony.com/contributors"
                }
            ],
            "description": "Symfony Process Component",
            "homepage": "https://symfony.com",
            "time": "2016-08-16 14:58:24"
        },
        {
            "name": "symfony/yaml",
            "version": "v3.1.4",
            "source": {
                "type": "git",
                "url": "https://github.com/symfony/yaml.git",
                "reference": "f291ed25eb1435bddbe8a96caaef16469c2a092d"
            },
            "dist": {
                "type": "zip",
                "url": "https://api.github.com/repos/symfony/yaml/zipball/f291ed25eb1435bddbe8a96caaef16469c2a092d",
                "reference": "f291ed25eb1435bddbe8a96caaef16469c2a092d",
                "shasum": ""
            },
            "require": {
                "php": ">=5.5.9"
            },
            "type": "library",
            "extra": {
                "branch-alias": {
                    "dev-master": "3.1-dev"
                }
            },
            "autoload": {
                "psr-4": {
                    "Symfony\\Component\\Yaml\\": ""
                },
                "exclude-from-classmap": [
                    "/Tests/"
                ]
            },
            "notification-url": "https://packagist.org/downloads/",
            "license": [
                "MIT"
            ],
            "authors": [
                {
                    "name": "Fabien Potencier",
                    "email": "fabien@symfony.com"
                },
                {
                    "name": "Symfony Community",
                    "homepage": "https://symfony.com/contributors"
                }
            ],
            "description": "Symfony Yaml Component",
            "homepage": "https://symfony.com",
            "time": "2016-09-02 02:12:52"
        }
    ],
    "packages-dev": [],
    "aliases": [],
    "minimum-stability": "stable",
    "stability-flags": {
        "sensiolabs/melody": 20
    },
    "prefer-stable": false,
    "prefer-lowest": false,
    "platform": {
        "php": ">=5.2.0"
    },
    "platform-dev": []
}
